
Microsoft Visual Studio Solution File, Format Version 12.00
# Visual Studio 15
VisualStudioVersion = 15.0.26730.3
MinimumVisualStudioVersion = 10.0.40219.1
Project("{FAE04EC0-301F-11D3-BF4B-00C04F79EFBC}") = "WindowsServiceTestApp", "WindowsServiceTestApp\WindowsServiceTestApp.csproj", "{DE649C6B-E0AF-404D-8C68-90E8B6E49C3D}"
EndProject
Global
	GlobalSection(SolutionConfigurationPlatforms) = preSolution
		Debug|Any CPU = Debug|Any CPU
		Release|Any CPU = Release|Any CPU
	EndGlobalSection
	GlobalSection(ProjectConfigurationPlatforms) = postSolution
		{DE649C6B-E0AF-404D-8C68-90E8B6E49C3D}.Debug|Any CPU.ActiveCfg = Debug|Any CPU
		{DE649C6B-E0AF-404D-8C68-90E8B6E49C3D}.Debug|Any CPU.Build.0 = Debug|Any CPU
		{DE649C6B-E0AF-404D-8C68-90E8B6E49C3D}.Release|Any CPU.ActiveCfg = Release|Any CPU
		{DE649C6B-E0AF-404D-8C68-90E8B6E49C3D}.Release|Any CPU.Build.0 = Release|Any CPU
	EndGlobalSection
	GlobalSection(SolutionProperties) = preSolution
		HideSolutionNode = FALSE
	EndGlobalSection
	GlobalSection(ExtensibilityGlobals) = postSolution
		SolutionGuid = {DC3D59E5-B75B-4D3D-B7FD-BCEF2FBC0046}
	EndGlobalSection
EndGlobal
